// !$*UTF8*$!
{
	archiveVersion = 1;
	classes = {
	};
	objectVersion = 55;
	objects = {

/* Begin PBXBuildFile section */
		60365E75284E2B720025DB2A /* OscillatorBankApp.swift in Sources */ = {isa = PBXBuildFile; fileRef = 60365E74284E2B720025DB2A /* OscillatorBankApp.swift */; };
		60365E77284E2B720025DB2A /* ContentView.swift in Sources */ = {isa = PBXBuildFile; fileRef = 60365E76284E2B720025DB2A /* ContentView.swift */; };
		60365E79284E2B730025DB2A /* Assets.xcassets in Resources */ = {isa = PBXBuildFile; fileRef = 60365E78284E2B730025DB2A /* Assets.xcassets */; };
		60365E7C284E2B730025DB2A /* Preview Assets.xcassets in Resources */ = {isa = PBXBuildFile; fileRef = 60365E7B284E2B730025DB2A /* Preview Assets.xcassets */; };
		60365E8D284E2BCA0025DB2A /* DSPKernel.hpp in Resources */ = {isa = PBXBuildFile; fileRef = 60365E8C284E2BCA0025DB2A /* DSPKernel.hpp */; };
		60365E8F284E2BCA0025DB2A /* DSPKernel.mm in Sources */ = {isa = PBXBuildFile; fileRef = 60365E8E284E2BCA0025DB2A /* DSPKernel.mm */; };
		60365E91284E2BCA0025DB2A /* BufferedAudioBus.hpp in Resources */ = {isa = PBXBuildFile; fileRef = 60365E90284E2BCA0025DB2A /* BufferedAudioBus.hpp */; };
		60365E94284E2BCA0025DB2A /* OscillatorBankDSP.hpp in Resources */ = {isa = PBXBuildFile; fileRef = 60365E93284E2BCA0025DB2A /* OscillatorBankDSP.hpp */; };
		60365E96284E2BCA0025DB2A /* OscillatorBankDSP.mm in Sources */ = {isa = PBXBuildFile; fileRef = 60365E95284E2BCA0025DB2A /* OscillatorBankDSP.mm */; };
		60365E99284E2BCA0025DB2A /* AudioUnitViewController.swift in Sources */ = {isa = PBXBuildFile; fileRef = 60365E98284E2BCA0025DB2A /* AudioUnitViewController.swift */; };
		60365EAC284E2C510025DB2A /* AudioKitEX in Frameworks */ = {isa = PBXBuildFile; productRef = 60365EAB284E2C510025DB2A /* AudioKitEX */; };
		60365EB1284E30FC0025DB2A /* OscillatorBankAU.swift in Sources */ = {isa = PBXBuildFile; fileRef = 60365EB0284E30FC0025DB2A /* OscillatorBankAU.swift */; };
		60365EB2284E31F60025DB2A /* ContentView.swift in Sources */ = {isa = PBXBuildFile; fileRef = 60365E76284E2B720025DB2A /* ContentView.swift */; };
/* End PBXBuildFile section */

/* Begin PBXContainerItemProxy section */
		60365EA3284E2BCA0025DB2A /* PBXContainerItemProxy */ = {
			isa = PBXContainerItemProxy;
			containerPortal = 60148B812839369400B21DBC /* Project object */;
			proxyType = 1;
			remoteGlobalIDString = 60365E83284E2BCA0025DB2A;
			remoteInfo = "Oscillator Bank AU";
		};
		60365EB7284E37AE0025DB2A /* PBXContainerItemProxy */ = {
			isa = PBXContainerItemProxy;
			containerPortal = 60148B812839369400B21DBC /* Project object */;
			proxyType = 1;
			remoteGlobalIDString = 60365E83284E2BCA0025DB2A;
			remoteInfo = "Oscillator Bank AU";
		};
/* End PBXContainerItemProxy section */

/* Begin PBXCopyFilesBuildPhase section */
		60365EA9284E2BCA0025DB2A /* Embed App Extensions */ = {
			isa = PBXCopyFilesBuildPhase;
			buildActionMask = 2147483647;
			dstPath = "";
			dstSubfolderSpec = 13;
			files = (
			);
			name = "Embed App Extensions";
			runOnlyForDeploymentPostprocessing = 0;
		};
/* End PBXCopyFilesBuildPhase section */

/* Begin PBXFileReference section */
		60365E74284E2B720025DB2A /* OscillatorBankApp.swift */ = {isa = PBXFileReference; lastKnownFileType = sourcecode.swift; path = OscillatorBankApp.swift; sourceTree = "<group>"; };
		60365E76284E2B720025DB2A /* ContentView.swift */ = {isa = PBXFileReference; lastKnownFileType = sourcecode.swift; path = ContentView.swift; sourceTree = "<group>"; };
		60365E78284E2B730025DB2A /* Assets.xcassets */ = {isa = PBXFileReference; lastKnownFileType = folder.assetcatalog; path = Assets.xcassets; sourceTree = "<group>"; };
		60365E7B284E2B730025DB2A /* Preview Assets.xcassets */ = {isa = PBXFileReference; lastKnownFileType = folder.assetcatalog; path = "Preview Assets.xcassets"; sourceTree = "<group>"; };
		60365E8C284E2BCA0025DB2A /* DSPKernel.hpp */ = {isa = PBXFileReference; lastKnownFileType = sourcecode.cpp.h; path = DSPKernel.hpp; sourceTree = "<group>"; };
		60365E8E284E2BCA0025DB2A /* DSPKernel.mm */ = {isa = PBXFileReference; lastKnownFileType = sourcecode.cpp.objcpp; path = DSPKernel.mm; sourceTree = "<group>"; };
		60365E90284E2BCA0025DB2A /* BufferedAudioBus.hpp */ = {isa = PBXFileReference; lastKnownFileType = sourcecode.cpp.h; path = BufferedAudioBus.hpp; sourceTree = "<group>"; };
		60365E92284E2BCA0025DB2A /* DSPKernelAdapter.h */ = {isa = PBXFileReference; lastKnownFileType = sourcecode.c.h; path = DSPKernelAdapter.h; sourceTree = "<group>"; };
		60365E93284E2BCA0025DB2A /* OscillatorBankDSP.hpp */ = {isa = PBXFileReference; lastKnownFileType = sourcecode.cpp.h; path = OscillatorBankDSP.hpp; sourceTree = "<group>"; };
		60365E95284E2BCA0025DB2A /* OscillatorBankDSP.mm */ = {isa = PBXFileReference; lastKnownFileType = sourcecode.cpp.objcpp; path = OscillatorBankDSP.mm; sourceTree = "<group>"; };
		60365E98284E2BCA0025DB2A /* AudioUnitViewController.swift */ = {isa = PBXFileReference; lastKnownFileType = sourcecode.swift; path = AudioUnitViewController.swift; sourceTree = "<group>"; };
		60365E9E284E2BCA0025DB2A /* DSPBridgingHeader.h */ = {isa = PBXFileReference; lastKnownFileType = sourcecode.c.h; path = DSPBridgingHeader.h; sourceTree = "<group>"; };
		60365EA2284E2BCA0025DB2A /* Info.plist */ = {isa = PBXFileReference; lastKnownFileType = text.plist.xml; path = Info.plist; sourceTree = "<group>"; };
		60365EAD284E2CCE0025DB2A /* Oscillator Bank.entitlements */ = {isa = PBXFileReference; lastKnownFileType = text.plist.entitlements; path = "Oscillator Bank.entitlements"; sourceTree = "<group>"; };
		60365EAE284E2CCE0025DB2A /* Oscillator Bank AU.entitlements */ = {isa = PBXFileReference; lastKnownFileType = text.plist.entitlements; path = "Oscillator Bank AU.entitlements"; sourceTree = "<group>"; };
		60365EB0284E30FC0025DB2A /* OscillatorBankAU.swift */ = {isa = PBXFileReference; lastKnownFileType = sourcecode.swift; path = OscillatorBankAU.swift; sourceTree = "<group>"; };
		60365EB9284E3A9D0025DB2A /* Oscillator Bank.app */ = {isa = PBXFileReference; explicitFileType = wrapper.application; includeInIndex = 0; name = "Oscillator Bank.app"; path = "/Users/auraaudio/Documents/GitHub/OscillatorBank/build/Debug-iphoneos/Oscillator Bank.app"; sourceTree = "<absolute>"; };
		60365EBA284E3A9D0025DB2A /* Oscillator Bank AU.appex */ = {isa = PBXFileReference; explicitFileType = "wrapper.app-extension"; includeInIndex = 0; name = "Oscillator Bank AU.appex"; path = "/Users/auraaudio/Documents/GitHub/OscillatorBank/build/Debug-iphoneos/Oscillator Bank AU.appex"; sourceTree = "<absolute>"; };
/* End PBXFileReference section */

/* Begin PBXFrameworksBuildPhase section */
		60365E6F284E2B720025DB2A /* Frameworks */ = {
			isa = PBXFrameworksBuildPhase;
			buildActionMask = 2147483647;
			files = (
			);
			runOnlyForDeploymentPostprocessing = 0;
		};
		60365E81284E2BCA0025DB2A /* Frameworks */ = {
			isa = PBXFrameworksBuildPhase;
			buildActionMask = 2147483647;
			files = (
				60365EAC284E2C510025DB2A /* AudioKitEX in Frameworks */,
			);
			runOnlyForDeploymentPostprocessing = 0;
		};
/* End PBXFrameworksBuildPhase section */

/* Begin PBXGroup section */
		60148B802839369400B21DBC = {
			isa = PBXGroup;
			children = (
				60365E73284E2B720025DB2A /* App */,
				60365E85284E2BCA0025DB2A /* Audio Unit */,
			);
			sourceTree = "<group>";
		};
		60365E73284E2B720025DB2A /* App */ = {
			isa = PBXGroup;
			children = (
				60365EAD284E2CCE0025DB2A /* Oscillator Bank.entitlements */,
				60365E74284E2B720025DB2A /* OscillatorBankApp.swift */,
				60365E76284E2B720025DB2A /* ContentView.swift */,
				60365E78284E2B730025DB2A /* Assets.xcassets */,
				60365E7A284E2B730025DB2A /* Preview Content */,
			);
			path = App;
			sourceTree = "<group>";
		};
		60365E7A284E2B730025DB2A /* Preview Content */ = {
			isa = PBXGroup;
			children = (
				60365E7B284E2B730025DB2A /* Preview Assets.xcassets */,
			);
			path = "Preview Content";
			sourceTree = "<group>";
		};
		60365E85284E2BCA0025DB2A /* Audio Unit */ = {
			isa = PBXGroup;
			children = (
				60365EAE284E2CCE0025DB2A /* Oscillator Bank AU.entitlements */,
				60365E98284E2BCA0025DB2A /* AudioUnitViewController.swift */,
				60365EB0284E30FC0025DB2A /* OscillatorBankAU.swift */,
				60365EA2284E2BCA0025DB2A /* Info.plist */,
				60365E8A284E2BCA0025DB2A /* DSP */,
			);
			path = "Audio Unit";
			sourceTree = "<group>";
		};
		60365E8A284E2BCA0025DB2A /* DSP */ = {
			isa = PBXGroup;
			children = (
				60365E9E284E2BCA0025DB2A /* DSPBridgingHeader.h */,
				60365E93284E2BCA0025DB2A /* OscillatorBankDSP.hpp */,
				60365E95284E2BCA0025DB2A /* OscillatorBankDSP.mm */,
				60365E92284E2BCA0025DB2A /* DSPKernelAdapter.h */,
				60365E8C284E2BCA0025DB2A /* DSPKernel.hpp */,
				60365E8E284E2BCA0025DB2A /* DSPKernel.mm */,
				60365E90284E2BCA0025DB2A /* BufferedAudioBus.hpp */,
			);
			path = DSP;
			sourceTree = "<group>";
		};
/* End PBXGroup section */

/* Begin PBXNativeTarget section */
		60365E71284E2B720025DB2A /* Oscillator Bank */ = {
			isa = PBXNativeTarget;
			buildConfigurationList = 60365E7D284E2B730025DB2A /* Build configuration list for PBXNativeTarget "Oscillator Bank" */;
			buildPhases = (
				60365E6E284E2B720025DB2A /* Sources */,
				60365E6F284E2B720025DB2A /* Frameworks */,
				60365E70284E2B720025DB2A /* Resources */,
				60365EA9284E2BCA0025DB2A /* Embed App Extensions */,
			);
			buildRules = (
			);
			dependencies = (
				60365EA4284E2BCA0025DB2A /* PBXTargetDependency */,
				60365EB8284E37AE0025DB2A /* PBXTargetDependency */,
			);
			name = "Oscillator Bank";
			productName = "Oscillator Bank";
			productReference = 60365EB9284E3A9D0025DB2A /* Oscillator Bank.app */;
			productType = "com.apple.product-type.application";
		};
		60365E83284E2BCA0025DB2A /* Oscillator Bank AU */ = {
			isa = PBXNativeTarget;
			buildConfigurationList = 60365EA6284E2BCA0025DB2A /* Build configuration list for PBXNativeTarget "Oscillator Bank AU" */;
			buildPhases = (
				60365E80284E2BCA0025DB2A /* Sources */,
				60365E81284E2BCA0025DB2A /* Frameworks */,
				60365E82284E2BCA0025DB2A /* Resources */,
			);
			buildRules = (
			);
			dependencies = (
			);
			name = "Oscillator Bank AU";
			packageProductDependencies = (
				60365EAB284E2C510025DB2A /* AudioKitEX */,
			);
			productName = "Oscillator Bank AU";
			productReference = 60365EBA284E3A9D0025DB2A /* Oscillator Bank AU.appex */;
			productType = "com.apple.product-type.app-extension";
		};
/* End PBXNativeTarget section */

/* Begin PBXProject section */
		60148B812839369400B21DBC /* Project object */ = {
			isa = PBXProject;
			attributes = {
				BuildIndependentTargetsInParallel = 1;
				LastSwiftUpdateCheck = 1340;
				LastUpgradeCheck = 1340;
				TargetAttributes = {
					60365E71284E2B720025DB2A = {
						CreatedOnToolsVersion = 13.4;
					};
					60365E83284E2BCA0025DB2A = {
						CreatedOnToolsVersion = 13.4;
					};
				};
			};
			buildConfigurationList = 60148B842839369400B21DBC /* Build configuration list for PBXProject "OscillatorBank" */;
			compatibilityVersion = "Xcode 13.0";
			developmentRegion = en;
			hasScannedForEncodings = 0;
			knownRegions = (
				en,
				Base,
			);
			mainGroup = 60148B802839369400B21DBC;
			packageReferences = (
				60365E6B284E29F80025DB2A /* XCRemoteSwiftPackageReference "AudioKitEX" */,
			);
			productRefGroup = 60148B802839369400B21DBC;
			projectDirPath = "";
			projectRoot = "";
			targets = (
				60365E71284E2B720025DB2A /* Oscillator Bank */,
				60365E83284E2BCA0025DB2A /* Oscillator Bank AU */,
			);
		};
/* End PBXProject section */

/* Begin PBXResourcesBuildPhase section */
		60365E70284E2B720025DB2A /* Resources */ = {
			isa = PBXResourcesBuildPhase;
			buildActionMask = 2147483647;
			files = (
				60365E7C284E2B730025DB2A /* Preview Assets.xcassets in Resources */,
				60365E79284E2B730025DB2A /* Assets.xcassets in Resources */,
			);
			runOnlyForDeploymentPostprocessing = 0;
		};
		60365E82284E2BCA0025DB2A /* Resources */ = {
			isa = PBXResourcesBuildPhase;
			buildActionMask = 2147483647;
			files = (
				60365E8D284E2BCA0025DB2A /* DSPKernel.hpp in Resources */,
				60365E94284E2BCA0025DB2A /* OscillatorBankDSP.hpp in Resources */,
				60365E91284E2BCA0025DB2A /* BufferedAudioBus.hpp in Resources */,
			);
			runOnlyForDeploymentPostprocessing = 0;
		};
/* End PBXResourcesBuildPhase section */

/* Begin PBXSourcesBuildPhase section */
		60365E6E284E2B720025DB2A /* Sources */ = {
			isa = PBXSourcesBuildPhase;
			buildActionMask = 2147483647;
			files = (
				60365E77284E2B720025DB2A /* ContentView.swift in Sources */,
				60365E75284E2B720025DB2A /* OscillatorBankApp.swift in Sources */,
			);
			runOnlyForDeploymentPostprocessing = 0;
		};
		60365E80284E2BCA0025DB2A /* Sources */ = {
			isa = PBXSourcesBuildPhase;
			buildActionMask = 2147483647;
			files = (
				60365E8F284E2BCA0025DB2A /* DSPKernel.mm in Sources */,
				60365EB2284E31F60025DB2A /* ContentView.swift in Sources */,
				60365EB1284E30FC0025DB2A /* OscillatorBankAU.swift in Sources */,
				60365E99284E2BCA0025DB2A /* AudioUnitViewController.swift in Sources */,
				60365E96284E2BCA0025DB2A /* OscillatorBankDSP.mm in Sources */,
			);
			runOnlyForDeploymentPostprocessing = 0;
		};
/* End PBXSourcesBuildPhase section */

/* Begin PBXTargetDependency section */
		60365EA4284E2BCA0025DB2A /* PBXTargetDependency */ = {
			isa = PBXTargetDependency;
			target = 60365E83284E2BCA0025DB2A /* Oscillator Bank AU */;
			targetProxy = 60365EA3284E2BCA0025DB2A /* PBXContainerItemProxy */;
		};
		60365EB8284E37AE0025DB2A /* PBXTargetDependency */ = {
			isa = PBXTargetDependency;
			target = 60365E83284E2BCA0025DB2A /* Oscillator Bank AU */;
			targetProxy = 60365EB7284E37AE0025DB2A /* PBXContainerItemProxy */;
		};
/* End PBXTargetDependency section */

/* Begin XCBuildConfiguration section */
		60148BB42839369500B21DBC /* Debug */ = {
			isa = XCBuildConfiguration;
			buildSettings = {
				ALWAYS_SEARCH_USER_PATHS = NO;
				CLANG_ANALYZER_NONNULL = YES;
				CLANG_ANALYZER_NUMBER_OBJECT_CONVERSION = YES_AGGRESSIVE;
				CLANG_CXX_LANGUAGE_STANDARD = "gnu++17";
				CLANG_ENABLE_MODULES = YES;
				CLANG_ENABLE_OBJC_ARC = YES;
				CLANG_ENABLE_OBJC_WEAK = YES;
				CLANG_WARN_BLOCK_CAPTURE_AUTORELEASING = YES;
				CLANG_WARN_BOOL_CONVERSION = YES;
				CLANG_WARN_COMMA = YES;
				CLANG_WARN_CONSTANT_CONVERSION = YES;
				CLANG_WARN_DEPRECATED_OBJC_IMPLEMENTATIONS = YES;
				CLANG_WARN_DIRECT_OBJC_ISA_USAGE = YES_ERROR;
				CLANG_WARN_DOCUMENTATION_COMMENTS = YES;
				CLANG_WARN_EMPTY_BODY = YES;
				CLANG_WARN_ENUM_CONVERSION = YES;
				CLANG_WARN_INFINITE_RECURSION = YES;
				CLANG_WARN_INT_CONVERSION = YES;
				CLANG_WARN_NON_LITERAL_NULL_CONVERSION = YES;
				CLANG_WARN_OBJC_IMPLICIT_RETAIN_SELF = YES;
				CLANG_WARN_OBJC_LITERAL_CONVERSION = YES;
				CLANG_WARN_OBJC_ROOT_CLASS = YES_ERROR;
				CLANG_WARN_QUOTED_INCLUDE_IN_FRAMEWORK_HEADER = YES;
				CLANG_WARN_RANGE_LOOP_ANALYSIS = YES;
				CLANG_WARN_STRICT_PROTOTYPES = YES;
				CLANG_WARN_SUSPICIOUS_MOVE = YES;
				CLANG_WARN_UNGUARDED_AVAILABILITY = YES_AGGRESSIVE;
				CLANG_WARN_UNREACHABLE_CODE = YES;
				CLANG_WARN__DUPLICATE_METHOD_MATCH = YES;
				COPY_PHASE_STRIP = NO;
				DEBUG_INFORMATION_FORMAT = dwarf;
				ENABLE_STRICT_OBJC_MSGSEND = YES;
				ENABLE_TESTABILITY = YES;
				GCC_C_LANGUAGE_STANDARD = gnu11;
				GCC_DYNAMIC_NO_PIC = NO;
				GCC_NO_COMMON_BLOCKS = YES;
				GCC_OPTIMIZATION_LEVEL = 0;
				GCC_PREPROCESSOR_DEFINITIONS = (
					"DEBUG=1",
					"$(inherited)",
				);
				GCC_WARN_64_TO_32_BIT_CONVERSION = YES;
				GCC_WARN_ABOUT_RETURN_TYPE = YES_ERROR;
				GCC_WARN_UNDECLARED_SELECTOR = YES;
				GCC_WARN_UNINITIALIZED_AUTOS = YES_AGGRESSIVE;
				GCC_WARN_UNUSED_FUNCTION = YES;
				GCC_WARN_UNUSED_VARIABLE = YES;
				MTL_ENABLE_DEBUG_INFO = INCLUDE_SOURCE;
				MTL_FAST_MATH = YES;
				ONLY_ACTIVE_ARCH = YES;
				SWIFT_ACTIVE_COMPILATION_CONDITIONS = DEBUG;
				SWIFT_OPTIMIZATION_LEVEL = "-Onone";
			};
			name = Debug;
		};
		60148BB52839369500B21DBC /* Release */ = {
			isa = XCBuildConfiguration;
			buildSettings = {
				ALWAYS_SEARCH_USER_PATHS = NO;
				CLANG_ANALYZER_NONNULL = YES;
				CLANG_ANALYZER_NUMBER_OBJECT_CONVERSION = YES_AGGRESSIVE;
				CLANG_CXX_LANGUAGE_STANDARD = "gnu++17";
				CLANG_ENABLE_MODULES = YES;
				CLANG_ENABLE_OBJC_ARC = YES;
				CLANG_ENABLE_OBJC_WEAK = YES;
				CLANG_WARN_BLOCK_CAPTURE_AUTORELEASING = YES;
				CLANG_WARN_BOOL_CONVERSION = YES;
				CLANG_WARN_COMMA = YES;
				CLANG_WARN_CONSTANT_CONVERSION = YES;
				CLANG_WARN_DEPRECATED_OBJC_IMPLEMENTATIONS = YES;
				CLANG_WARN_DIRECT_OBJC_ISA_USAGE = YES_ERROR;
				CLANG_WARN_DOCUMENTATION_COMMENTS = YES;
				CLANG_WARN_EMPTY_BODY = YES;
				CLANG_WARN_ENUM_CONVERSION = YES;
				CLANG_WARN_INFINITE_RECURSION = YES;
				CLANG_WARN_INT_CONVERSION = YES;
				CLANG_WARN_NON_LITERAL_NULL_CONVERSION = YES;
				CLANG_WARN_OBJC_IMPLICIT_RETAIN_SELF = YES;
				CLANG_WARN_OBJC_LITERAL_CONVERSION = YES;
				CLANG_WARN_OBJC_ROOT_CLASS = YES_ERROR;
				CLANG_WARN_QUOTED_INCLUDE_IN_FRAMEWORK_HEADER = YES;
				CLANG_WARN_RANGE_LOOP_ANALYSIS = YES;
				CLANG_WARN_STRICT_PROTOTYPES = YES;
				CLANG_WARN_SUSPICIOUS_MOVE = YES;
				CLANG_WARN_UNGUARDED_AVAILABILITY = YES_AGGRESSIVE;
				CLANG_WARN_UNREACHABLE_CODE = YES;
				CLANG_WARN__DUPLICATE_METHOD_MATCH = YES;
				COPY_PHASE_STRIP = NO;
				DEBUG_INFORMATION_FORMAT = "dwarf-with-dsym";
				ENABLE_NS_ASSERTIONS = NO;
				ENABLE_STRICT_OBJC_MSGSEND = YES;
				GCC_C_LANGUAGE_STANDARD = gnu11;
				GCC_NO_COMMON_BLOCKS = YES;
				GCC_WARN_64_TO_32_BIT_CONVERSION = YES;
				GCC_WARN_ABOUT_RETURN_TYPE = YES_ERROR;
				GCC_WARN_UNDECLARED_SELECTOR = YES;
				GCC_WARN_UNINITIALIZED_AUTOS = YES_AGGRESSIVE;
				GCC_WARN_UNUSED_FUNCTION = YES;
				GCC_WARN_UNUSED_VARIABLE = YES;
				MTL_ENABLE_DEBUG_INFO = NO;
				MTL_FAST_MATH = YES;
				SWIFT_COMPILATION_MODE = wholemodule;
				SWIFT_OPTIMIZATION_LEVEL = "-O";
			};
			name = Release;
		};
		60365E7E284E2B730025DB2A /* Debug */ = {
			isa = XCBuildConfiguration;
			buildSettings = {
				ALWAYS_EMBED_SWIFT_STANDARD_LIBRARIES = YES;
				ASSETCATALOG_COMPILER_APPICON_NAME = AppIcon;
				ASSETCATALOG_COMPILER_GLOBAL_ACCENT_COLOR_NAME = AccentColor;
				CODE_SIGN_ENTITLEMENTS = "App/Oscillator Bank.entitlements";
				CODE_SIGN_STYLE = Automatic;
				CURRENT_PROJECT_VERSION = 1;
				DEVELOPMENT_ASSET_PATHS = "\"App/Preview Content\"";
				DEVELOPMENT_TEAM = 6CV59M265C;
				ENABLE_PREVIEWS = YES;
				GENERATE_INFOPLIST_FILE = YES;
				INFOPLIST_KEY_LSApplicationCategoryType = "public.app-category.music";
				INFOPLIST_KEY_UIApplicationSceneManifest_Generation = YES;
				INFOPLIST_KEY_UIApplicationSupportsIndirectInputEvents = YES;
				INFOPLIST_KEY_UILaunchScreen_Generation = YES;
				INFOPLIST_KEY_UISupportedInterfaceOrientations_iPad = "UIInterfaceOrientationPortrait UIInterfaceOrientationPortraitUpsideDown UIInterfaceOrientationLandscapeLeft UIInterfaceOrientationLandscapeRight";
				INFOPLIST_KEY_UISupportedInterfaceOrientations_iPhone = "UIInterfaceOrientationPortrait UIInterfaceOrientationLandscapeLeft UIInterfaceOrientationLandscapeRight";
				IPHONEOS_DEPLOYMENT_TARGET = 14.0;
				LD_RUNPATH_SEARCH_PATHS = (
					"$(inherited)",
					"@executable_path/Frameworks",
				);
				MARKETING_VERSION = 1.0;
				PRODUCT_BUNDLE_IDENTIFIER = "io.auraaudio.app.Oscillator-Bank";
				PRODUCT_NAME = "$(TARGET_NAME)";
				SDKROOT = iphoneos;
				SUPPORTS_MACCATALYST = YES;
				SWIFT_EMIT_LOC_STRINGS = YES;
				SWIFT_VERSION = 5.0;
				TARGETED_DEVICE_FAMILY = "1,2";
			};
			name = Debug;
		};
		60365E7F284E2B730025DB2A /* Release */ = {
			isa = XCBuildConfiguration;
			buildSettings = {
				ALWAYS_EMBED_SWIFT_STANDARD_LIBRARIES = YES;
				ASSETCATALOG_COMPILER_APPICON_NAME = AppIcon;
				ASSETCATALOG_COMPILER_GLOBAL_ACCENT_COLOR_NAME = AccentColor;
				CODE_SIGN_ENTITLEMENTS = "App/Oscillator Bank.entitlements";
				CODE_SIGN_STYLE = Automatic;
				CURRENT_PROJECT_VERSION = 1;
				DEVELOPMENT_ASSET_PATHS = "\"App/Preview Content\"";
				DEVELOPMENT_TEAM = 6CV59M265C;
				ENABLE_PREVIEWS = YES;
				GENERATE_INFOPLIST_FILE = YES;
				INFOPLIST_KEY_LSApplicationCategoryType = "public.app-category.music";
				INFOPLIST_KEY_UIApplicationSceneManifest_Generation = YES;
				INFOPLIST_KEY_UIApplicationSupportsIndirectInputEvents = YES;
				INFOPLIST_KEY_UILaunchScreen_Generation = YES;
				INFOPLIST_KEY_UISupportedInterfaceOrientations_iPad = "UIInterfaceOrientationPortrait UIInterfaceOrientationPortraitUpsideDown UIInterfaceOrientationLandscapeLeft UIInterfaceOrientationLandscapeRight";
				INFOPLIST_KEY_UISupportedInterfaceOrientations_iPhone = "UIInterfaceOrientationPortrait UIInterfaceOrientationLandscapeLeft UIInterfaceOrientationLandscapeRight";
				IPHONEOS_DEPLOYMENT_TARGET = 14.0;
				LD_RUNPATH_SEARCH_PATHS = (
					"$(inherited)",
					"@executable_path/Frameworks",
				);
				MARKETING_VERSION = 1.0;
				PRODUCT_BUNDLE_IDENTIFIER = "io.auraaudio.app.Oscillator-Bank";
				PRODUCT_NAME = "$(TARGET_NAME)";
				SDKROOT = iphoneos;
				SUPPORTS_MACCATALYST = YES;
				SWIFT_EMIT_LOC_STRINGS = YES;
				SWIFT_VERSION = 5.0;
				TARGETED_DEVICE_FAMILY = "1,2";
				VALIDATE_PRODUCT = YES;
			};
			name = Release;
		};
		60365EA7284E2BCA0025DB2A /* Debug */ = {
			isa = XCBuildConfiguration;
			buildSettings = {
				CODE_SIGN_ENTITLEMENTS = "Audio Unit/Oscillator Bank AU.entitlements";
				CODE_SIGN_STYLE = Automatic;
				CURRENT_PROJECT_VERSION = 1;
				DEVELOPMENT_TEAM = 6CV59M265C;
				GENERATE_INFOPLIST_FILE = YES;
				INFOPLIST_FILE = "Audio Unit/Info.plist";
				INFOPLIST_KEY_CFBundleDisplayName = "Oscillator Bank";
				INFOPLIST_KEY_NSHumanReadableCopyright = "";
				IPHONEOS_DEPLOYMENT_TARGET = 14.0;
				LD_RUNPATH_SEARCH_PATHS = (
					"$(inherited)",
					"@executable_path/Frameworks",
					"@executable_path/../../Frameworks",
				);
				MARKETING_VERSION = 1.0;
				PRODUCT_BUNDLE_IDENTIFIER = "io.auraaudio.app.Oscillator-Bank.Oscillator-Bank-AU";
				PRODUCT_NAME = "$(TARGET_NAME)";
				SDKROOT = iphoneos;
				SKIP_INSTALL = YES;
				SUPPORTS_MACCATALYST = YES;
				SWIFT_EMIT_LOC_STRINGS = YES;
				SWIFT_OBJC_BRIDGING_HEADER = "Audio Unit/DSP/DSPBridgingHeader.h";
				SWIFT_VERSION = 5.0;
				TARGETED_DEVICE_FAMILY = "1,2";
			};
			name = Debug;
		};
		60365EA8284E2BCA0025DB2A /* Release */ = {
			isa = XCBuildConfiguration;
			buildSettings = {
				CODE_SIGN_ENTITLEMENTS = "Audio Unit/Oscillator Bank AU.entitlements";
				CODE_SIGN_STYLE = Automatic;
				CURRENT_PROJECT_VERSION = 1;
				DEVELOPMENT_TEAM = 6CV59M265C;
				GENERATE_INFOPLIST_FILE = YES;
				INFOPLIST_FILE = "Audio Unit/Info.plist";
				INFOPLIST_KEY_CFBundleDisplayName = "Oscillator Bank";
				INFOPLIST_KEY_NSHumanReadableCopyright = "";
				IPHONEOS_DEPLOYMENT_TARGET = 14.0;
				LD_RUNPATH_SEARCH_PATHS = (
					"$(inherited)",
					"@executable_path/Frameworks",
					"@executable_path/../../Frameworks",
				);
				MARKETING_VERSION = 1.0;
				PRODUCT_BUNDLE_IDENTIFIER = "io.auraaudio.app.Oscillator-Bank.Oscillator-Bank-AU";
				PRODUCT_NAME = "$(TARGET_NAME)";
				SDKROOT = iphoneos;
				SKIP_INSTALL = YES;
				SUPPORTS_MACCATALYST = YES;
				SWIFT_EMIT_LOC_STRINGS = YES;
				SWIFT_OBJC_BRIDGING_HEADER = "Audio Unit/DSP/DSPBridgingHeader.h";
				SWIFT_VERSION = 5.0;
				TARGETED_DEVICE_FAMILY = "1,2";
				VALIDATE_PRODUCT = YES;
			};
			name = Release;
		};
/* End XCBuildConfiguration section */

/* Begin XCConfigurationList section */
		60148B842839369400B21DBC /* Build configuration list for PBXProject "OscillatorBank" */ = {
			isa = XCConfigurationList;
			buildConfigurations = (
				60148BB42839369500B21DBC /* Debug */,
				60148BB52839369500B21DBC /* Release */,
			);
			defaultConfigurationIsVisible = 0;
			defaultConfigurationName = Release;
		};
		60365E7D284E2B730025DB2A /* Build configuration list for PBXNativeTarget "Oscillator Bank" */ = {
			isa = XCConfigurationList;
			buildConfigurations = (
				60365E7E284E2B730025DB2A /* Debug */,
				60365E7F284E2B730025DB2A /* Release */,
			);
			defaultConfigurationIsVisible = 0;
			defaultConfigurationName = Release;
		};
		60365EA6284E2BCA0025DB2A /* Build configuration list for PBXNativeTarget "Oscillator Bank AU" */ = {
			isa = XCConfigurationList;
			buildConfigurations = (
				60365EA7284E2BCA0025DB2A /* Debug */,
				60365EA8284E2BCA0025DB2A /* Release */,
			);
			defaultConfigurationIsVisible = 0;
			defaultConfigurationName = Release;
		};
/* End XCConfigurationList section */

/* Begin XCRemoteSwiftPackageReference section */
		60365E6B284E29F80025DB2A /* XCRemoteSwiftPackageReference "AudioKitEX" */ = {
			isa = XCRemoteSwiftPackageReference;
			repositoryURL = "https://github.com/AudioKit/AudioKitEX";
			requirement = {
				branch = main;
				kind = branch;
			};
		};
/* End XCRemoteSwiftPackageReference section */

/* Begin XCSwiftPackageProductDependency section */
		60365EAB284E2C510025DB2A /* AudioKitEX */ = {
			isa = XCSwiftPackageProductDependency;
			package = 60365E6B284E29F80025DB2A /* XCRemoteSwiftPackageReference "AudioKitEX" */;
			productName = AudioKitEX;
		};
/* End XCSwiftPackageProductDependency section */
	};
	rootObject = 60148B812839369400B21DBC /* Project object */;
}
