{
  "pins" : [
    {
      "identity" : "audiokit",
      "kind" : "remoteSourceControl",
      "location" : "https://github.com/AudioKit/AudioKit",
      "state" : {
        "revision" : "163a7a95e9aa3d61e9378a475b418df287fc478f",
        "version" : "5.4.3"
      }
    },
    {
      "identity" : "audiokitex",
      "kind" : "remoteSourceControl",
      "location" : "https://github.com/AudioKit/AudioKitEX",
      "state" : {
        "branch" : "main",
        "revision" : "e1de7eae910813c3c9a274ec18fc2770f055e290"
      }
    }
  ],
  "version" : 2
}
